// !$*UTF8*$!
{
	archiveVersion = 1;
	classes = {
	};
	objectVersion = 46;
	objects = {

/* Begin PBXBuildFile section */
		212A40091DBAD55400069BAB /* AppDependencies.h in Headers */ = {isa = PBXBuildFile; fileRef = 212A40071DBAD55400069BAB /* AppDependencies.h */; settings = {ATTRIBUTES = (Public, ); }; };
		212A40101DBAD58900069BAB /* AppDependencies.swift in Sources */ = {isa = PBXBuildFile; fileRef = 212A400F1DBAD58900069BAB /* AppDependencies.swift */; };
		212A40121DBAD5E200069BAB /* EventEmitter.framework in Frameworks */ = {isa = PBXBuildFile; fileRef = 212A40111DBAD5E200069BAB /* EventEmitter.framework */; };
		21B075CD1DC917B000CC76F7 /* InjectableDefaults.swift in Sources */ = {isa = PBXBuildFile; fileRef = 21B075CC1DC917B000CC76F7 /* InjectableDefaults.swift */; };
		21B70CD31DC91DBB0031250D /* AppDependenciesTests.swift in Sources */ = {isa = PBXBuildFile; fileRef = 21B70CD21DC91DBB0031250D /* AppDependenciesTests.swift */; };
		21B70CD51DC91DBB0031250D /* AppDependencies.framework in Frameworks */ = {isa = PBXBuildFile; fileRef = 212A40041DBAD55400069BAB /* AppDependencies.framework */; };
		21B70CDC1DC91E090031250D /* EventEmitter.framework in CopyFiles */ = {isa = PBXBuildFile; fileRef = 212A40111DBAD5E200069BAB /* EventEmitter.framework */; settings = {ATTRIBUTES = (CodeSignOnCopy, RemoveHeadersOnCopy, ); }; };
/* End PBXBuildFile section */

/* Begin PBXContainerItemProxy section */
		21B70CD61DC91DBB0031250D /* PBXContainerItemProxy */ = {
			isa = PBXContainerItemProxy;
			containerPortal = 212A3FFB1DBAD55400069BAB /* Project object */;
			proxyType = 1;
			remoteGlobalIDString = 212A40031DBAD55400069BAB;
			remoteInfo = AppDependencies;
		};
/* End PBXContainerItemProxy section */

/* Begin PBXCopyFilesBuildPhase section */
		21B70CDB1DC91DFE0031250D /* CopyFiles */ = {
			isa = PBXCopyFilesBuildPhase;
			buildActionMask = 2147483647;
			dstPath = "";
			dstSubfolderSpec = 10;
			files = (
				21B70CDC1DC91E090031250D /* EventEmitter.framework in CopyFiles */,
			);
			runOnlyForDeploymentPostprocessing = 0;
		};
/* End PBXCopyFilesBuildPhase section */

/* Begin PBXFileReference section */
		212A40041DBAD55400069BAB /* AppDependencies.framework */ = {isa = PBXFileReference; explicitFileType = wrapper.framework; includeInIndex = 0; path = AppDependencies.framework; sourceTree = BUILT_PRODUCTS_DIR; };
		212A40071DBAD55400069BAB /* AppDependencies.h */ = {isa = PBXFileReference; lastKnownFileType = sourcecode.c.h; path = AppDependencies.h; sourceTree = "<group>"; };
		212A40081DBAD55400069BAB /* Info.plist */ = {isa = PBXFileReference; lastKnownFileType = text.plist.xml; path = Info.plist; sourceTree = "<group>"; };
		212A400F1DBAD58900069BAB /* AppDependencies.swift */ = {isa = PBXFileReference; fileEncoding = 4; lastKnownFileType = sourcecode.swift; path = AppDependencies.swift; sourceTree = "<group>"; };
		212A40111DBAD5E200069BAB /* EventEmitter.framework */ = {isa = PBXFileReference; lastKnownFileType = wrapper.framework; name = EventEmitter.framework; path = Carthage/Build/iOS/EventEmitter.framework; sourceTree = "<group>"; };
		21B075CC1DC917B000CC76F7 /* InjectableDefaults.swift */ = {isa = PBXFileReference; fileEncoding = 4; lastKnownFileType = sourcecode.swift; path = InjectableDefaults.swift; sourceTree = "<group>"; };
		21B70CD01DC91DBB0031250D /* AppDependenciesTests.xctest */ = {isa = PBXFileReference; explicitFileType = wrapper.cfbundle; includeInIndex = 0; path = AppDependenciesTests.xctest; sourceTree = BUILT_PRODUCTS_DIR; };
		21B70CD21DC91DBB0031250D /* AppDependenciesTests.swift */ = {isa = PBXFileReference; lastKnownFileType = sourcecode.swift; path = AppDependenciesTests.swift; sourceTree = "<group>"; };
		21B70CD41DC91DBB0031250D /* Info.plist */ = {isa = PBXFileReference; lastKnownFileType = text.plist.xml; path = Info.plist; sourceTree = "<group>"; };
/* End PBXFileReference section */

/* Begin PBXFrameworksBuildPhase section */
		212A40001DBAD55400069BAB /* Frameworks */ = {
			isa = PBXFrameworksBuildPhase;
			buildActionMask = 2147483647;
			files = (
				212A40121DBAD5E200069BAB /* EventEmitter.framework in Frameworks */,
			);
			runOnlyForDeploymentPostprocessing = 0;
		};
		21B70CCD1DC91DBB0031250D /* Frameworks */ = {
			isa = PBXFrameworksBuildPhase;
			buildActionMask = 2147483647;
			files = (
				21B70CD51DC91DBB0031250D /* AppDependencies.framework in Frameworks */,
			);
			runOnlyForDeploymentPostprocessing = 0;
		};
/* End PBXFrameworksBuildPhase section */

/* Begin PBXGroup section */
		212A3FFA1DBAD55400069BAB = {
			isa = PBXGroup;
			children = (
				212A40111DBAD5E200069BAB /* EventEmitter.framework */,
				212A40061DBAD55400069BAB /* AppDependencies */,
				21B70CD11DC91DBB0031250D /* AppDependenciesTests */,
				212A40051DBAD55400069BAB /* Products */,
			);
			sourceTree = "<group>";
		};
		212A40051DBAD55400069BAB /* Products */ = {
			isa = PBXGroup;
			children = (
				212A40041DBAD55400069BAB /* AppDependencies.framework */,
				21B70CD01DC91DBB0031250D /* AppDependenciesTests.xctest */,
			);
			name = Products;
			sourceTree = "<group>";
		};
		212A40061DBAD55400069BAB /* AppDependencies */ = {
			isa = PBXGroup;
			children = (
				212A40071DBAD55400069BAB /* AppDependencies.h */,
				212A40081DBAD55400069BAB /* Info.plist */,
				212A400F1DBAD58900069BAB /* AppDependencies.swift */,
				21B075CC1DC917B000CC76F7 /* InjectableDefaults.swift */,
			);
			path = AppDependencies;
			sourceTree = "<group>";
		};
		21B70CD11DC91DBB0031250D /* AppDependenciesTests */ = {
			isa = PBXGroup;
			children = (
				21B70CD21DC91DBB0031250D /* AppDependenciesTests.swift */,
				21B70CD41DC91DBB0031250D /* Info.plist */,
			);
			path = AppDependenciesTests;
			sourceTree = "<group>";
		};
/* End PBXGroup section */

/* Begin PBXHeadersBuildPhase section */
		212A40011DBAD55400069BAB /* Headers */ = {
			isa = PBXHeadersBuildPhase;
			buildActionMask = 2147483647;
			files = (
				212A40091DBAD55400069BAB /* AppDependencies.h in Headers */,
			);
			runOnlyForDeploymentPostprocessing = 0;
		};
/* End PBXHeadersBuildPhase section */

/* Begin PBXNativeTarget section */
		212A40031DBAD55400069BAB /* AppDependencies */ = {
			isa = PBXNativeTarget;
			buildConfigurationList = 212A400C1DBAD55400069BAB /* Build configuration list for PBXNativeTarget "AppDependencies" */;
			buildPhases = (
				212A3FFF1DBAD55400069BAB /* Sources */,
				212A40001DBAD55400069BAB /* Frameworks */,
				212A40011DBAD55400069BAB /* Headers */,
				212A40021DBAD55400069BAB /* Resources */,
			);
			buildRules = (
			);
			dependencies = (
			);
			name = AppDependencies;
			productName = AppDependencies;
			productReference = 212A40041DBAD55400069BAB /* AppDependencies.framework */;
			productType = "com.apple.product-type.framework";
		};
		21B70CCF1DC91DBB0031250D /* AppDependenciesTests */ = {
			isa = PBXNativeTarget;
			buildConfigurationList = 21B70CD81DC91DBB0031250D /* Build configuration list for PBXNativeTarget "AppDependenciesTests" */;
			buildPhases = (
				21B70CCC1DC91DBB0031250D /* Sources */,
				21B70CCD1DC91DBB0031250D /* Frameworks */,
				21B70CCE1DC91DBB0031250D /* Resources */,
				21B70CDB1DC91DFE0031250D /* CopyFiles */,
			);
			buildRules = (
			);
			dependencies = (
				21B70CD71DC91DBB0031250D /* PBXTargetDependency */,
			);
			name = AppDependenciesTests;
			productName = AppDependenciesTests;
			productReference = 21B70CD01DC91DBB0031250D /* AppDependenciesTests.xctest */;
			productType = "com.apple.product-type.bundle.unit-test";
		};
/* End PBXNativeTarget section */

/* Begin PBXProject section */
		212A3FFB1DBAD55400069BAB /* Project object */ = {
			isa = PBXProject;
			attributes = {
				LastSwiftUpdateCheck = 0800;
				LastUpgradeCheck = 0800;
				ORGANIZATIONNAME = gujci;
				TargetAttributes = {
					212A40031DBAD55400069BAB = {
						CreatedOnToolsVersion = 8.0;
						DevelopmentTeam = TE3XP65K6X;
						LastSwiftMigration = 0800;
						ProvisioningStyle = Automatic;
					};
					21B70CCF1DC91DBB0031250D = {
						CreatedOnToolsVersion = 8.0;
						DevelopmentTeam = TE3XP65K6X;
						ProvisioningStyle = Automatic;
					};
				};
			};
			buildConfigurationList = 212A3FFE1DBAD55400069BAB /* Build configuration list for PBXProject "AppDependencies" */;
			compatibilityVersion = "Xcode 3.2";
			developmentRegion = English;
			hasScannedForEncodings = 0;
			knownRegions = (
				en,
			);
			mainGroup = 212A3FFA1DBAD55400069BAB;
			productRefGroup = 212A40051DBAD55400069BAB /* Products */;
			projectDirPath = "";
			projectRoot = "";
			targets = (
				212A40031DBAD55400069BAB /* AppDependencies */,
				21B70CCF1DC91DBB0031250D /* AppDependenciesTests */,
			);
		};
/* End PBXProject section */

/* Begin PBXResourcesBuildPhase section */
		212A40021DBAD55400069BAB /* Resources */ = {
			isa = PBXResourcesBuildPhase;
			buildActionMask = 2147483647;
			files = (
			);
			runOnlyForDeploymentPostprocessing = 0;
		};
		21B70CCE1DC91DBB0031250D /* Resources */ = {
			isa = PBXResourcesBuildPhase;
			buildActionMask = 2147483647;
			files = (
			);
			runOnlyForDeploymentPostprocessing = 0;
		};
/* End PBXResourcesBuildPhase section */

/* Begin PBXSourcesBuildPhase section */
		212A3FFF1DBAD55400069BAB /* Sources */ = {
			isa = PBXSourcesBuildPhase;
			buildActionMask = 2147483647;
			files = (
				21B075CD1DC917B000CC76F7 /* InjectableDefaults.swift in Sources */,
				212A40101DBAD58900069BAB /* AppDependencies.swift in Sources */,
			);
			runOnlyForDeploymentPostprocessing = 0;
		};
		21B70CCC1DC91DBB0031250D /* Sources */ = {
			isa = PBXSourcesBuildPhase;
			buildActionMask = 2147483647;
			files = (
				21B70CD31DC91DBB0031250D /* AppDependenciesTests.swift in Sources */,
			);
			runOnlyForDeploymentPostprocessing = 0;
		};
/* End PBXSourcesBuildPhase section */

/* Begin PBXTargetDependency section */
		21B70CD71DC91DBB0031250D /* PBXTargetDependency */ = {
			isa = PBXTargetDependency;
			target = 212A40031DBAD55400069BAB /* AppDependencies */;
			targetProxy = 21B70CD61DC91DBB0031250D /* PBXContainerItemProxy */;
		};
/* End PBXTargetDependency section */

/* Begin XCBuildConfiguration section */
		212A400A1DBAD55400069BAB /* Debug */ = {
			isa = XCBuildConfiguration;
			buildSettings = {
				ALWAYS_SEARCH_USER_PATHS = NO;
				CLANG_ANALYZER_NONNULL = YES;
				CLANG_CXX_LANGUAGE_STANDARD = "gnu++0x";
				CLANG_CXX_LIBRARY = "libc++";
				CLANG_ENABLE_MODULES = YES;
				CLANG_ENABLE_OBJC_ARC = YES;
				CLANG_WARN_BOOL_CONVERSION = YES;
				CLANG_WARN_CONSTANT_CONVERSION = YES;
				CLANG_WARN_DIRECT_OBJC_ISA_USAGE = YES_ERROR;
				CLANG_WARN_DOCUMENTATION_COMMENTS = YES;
				CLANG_WARN_EMPTY_BODY = YES;
				CLANG_WARN_ENUM_CONVERSION = YES;
				CLANG_WARN_INFINITE_RECURSION = YES;
				CLANG_WARN_INT_CONVERSION = YES;
				CLANG_WARN_OBJC_ROOT_CLASS = YES_ERROR;
				CLANG_WARN_SUSPICIOUS_MOVES = YES;
				CLANG_WARN_UNREACHABLE_CODE = YES;
				CLANG_WARN__DUPLICATE_METHOD_MATCH = YES;
				"CODE_SIGN_IDENTITY[sdk=iphoneos*]" = "iPhone Developer";
				COPY_PHASE_STRIP = NO;
				CURRENT_PROJECT_VERSION = 1;
				DEBUG_INFORMATION_FORMAT = dwarf;
				ENABLE_STRICT_OBJC_MSGSEND = YES;
				ENABLE_TESTABILITY = YES;
				GCC_C_LANGUAGE_STANDARD = gnu99;
				GCC_DYNAMIC_NO_PIC = NO;
				GCC_NO_COMMON_BLOCKS = YES;
				GCC_OPTIMIZATION_LEVEL = 0;
				GCC_PREPROCESSOR_DEFINITIONS = (
					"DEBUG=1",
					"$(inherited)",
				);
				GCC_WARN_64_TO_32_BIT_CONVERSION = YES;
				GCC_WARN_ABOUT_RETURN_TYPE = YES_ERROR;
				GCC_WARN_UNDECLARED_SELECTOR = YES;
				GCC_WARN_UNINITIALIZED_AUTOS = YES_AGGRESSIVE;
				GCC_WARN_UNUSED_FUNCTION = YES;
				GCC_WARN_UNUSED_VARIABLE = YES;
				IPHONEOS_DEPLOYMENT_TARGET = 10.0;
				MTL_ENABLE_DEBUG_INFO = YES;
				ONLY_ACTIVE_ARCH = YES;
				SDKROOT = iphoneos;
				SWIFT_ACTIVE_COMPILATION_CONDITIONS = DEBUG;
				SWIFT_OPTIMIZATION_LEVEL = "-Onone";
				TARGETED_DEVICE_FAMILY = "1,2";
				VERSIONING_SYSTEM = "apple-generic";
				VERSION_INFO_PREFIX = "";
			};
			name = Debug;
		};
		212A400B1DBAD55400069BAB /* Release */ = {
			isa = XCBuildConfiguration;
			buildSettings = {
				ALWAYS_SEARCH_USER_PATHS = NO;
				CLANG_ANALYZER_NONNULL = YES;
				CLANG_CXX_LANGUAGE_STANDARD = "gnu++0x";
				CLANG_CXX_LIBRARY = "libc++";
				CLANG_ENABLE_MODULES = YES;
				CLANG_ENABLE_OBJC_ARC = YES;
				CLANG_WARN_BOOL_CONVERSION = YES;
				CLANG_WARN_CONSTANT_CONVERSION = YES;
				CLANG_WARN_DIRECT_OBJC_ISA_USAGE = YES_ERROR;
				CLANG_WARN_DOCUMENTATION_COMMENTS = YES;
				CLANG_WARN_EMPTY_BODY = YES;
				CLANG_WARN_ENUM_CONVERSION = YES;
				CLANG_WARN_INFINITE_RECURSION = YES;
				CLANG_WARN_INT_CONVERSION = YES;
				CLANG_WARN_OBJC_ROOT_CLASS = YES_ERROR;
				CLANG_WARN_SUSPICIOUS_MOVES = YES;
				CLANG_WARN_UNREACHABLE_CODE = YES;
				CLANG_WARN__DUPLICATE_METHOD_MATCH = YES;
				"CODE_SIGN_IDENTITY[sdk=iphoneos*]" = "iPhone Developer";
				COPY_PHASE_STRIP = NO;
				CURRENT_PROJECT_VERSION = 1;
				DEBUG_INFORMATION_FORMAT = "dwarf-with-dsym";
				ENABLE_NS_ASSERTIONS = NO;
				ENABLE_STRICT_OBJC_MSGSEND = YES;
				GCC_C_LANGUAGE_STANDARD = gnu99;
				GCC_NO_COMMON_BLOCKS = YES;
				GCC_WARN_64_TO_32_BIT_CONVERSION = YES;
				GCC_WARN_ABOUT_RETURN_TYPE = YES_ERROR;
				GCC_WARN_UNDECLARED_SELECTOR = YES;
				GCC_WARN_UNINITIALIZED_AUTOS = YES_AGGRESSIVE;
				GCC_WARN_UNUSED_FUNCTION = YES;
				GCC_WARN_UNUSED_VARIABLE = YES;
				IPHONEOS_DEPLOYMENT_TARGET = 10.0;
				MTL_ENABLE_DEBUG_INFO = NO;
				SDKROOT = iphoneos;
				SWIFT_OPTIMIZATION_LEVEL = "-Owholemodule";
				TARGETED_DEVICE_FAMILY = "1,2";
				VALIDATE_PRODUCT = YES;
				VERSIONING_SYSTEM = "apple-generic";
				VERSION_INFO_PREFIX = "";
			};
			name = Release;
		};
		212A400D1DBAD55400069BAB /* Debug */ = {
			isa = XCBuildConfiguration;
			buildSettings = {
				CLANG_ENABLE_MODULES = YES;
				CODE_SIGN_IDENTITY = "";
				DEFINES_MODULE = YES;
				DEVELOPMENT_TEAM = TE3XP65K6X;
				DYLIB_COMPATIBILITY_VERSION = 1;
				DYLIB_CURRENT_VERSION = 1;
				DYLIB_INSTALL_NAME_BASE = "@rpath";
				FRAMEWORK_SEARCH_PATHS = (
					"$(inherited)",
					"$(PROJECT_DIR)/Carthage/Build/iOS",
				);
				INFOPLIST_FILE = AppDependencies/Info.plist;
				INSTALL_PATH = "$(LOCAL_LIBRARY_DIR)/Frameworks";
				IPHONEOS_DEPLOYMENT_TARGET = 9.0;
				LD_RUNPATH_SEARCH_PATHS = "$(inherited) @executable_path/Frameworks @loader_path/Frameworks";
				PRODUCT_BUNDLE_IDENTIFIER = com.gujci.AppDependencies;
				PRODUCT_NAME = "$(TARGET_NAME)";
				SKIP_INSTALL = YES;
				SWIFT_OPTIMIZATION_LEVEL = "-Onone";
				SWIFT_VERSION = 3.0;
			};
			name = Debug;
		};
		212A400E1DBAD55400069BAB /* Release */ = {
			isa = XCBuildConfiguration;
			buildSettings = {
				CLANG_ENABLE_MODULES = YES;
				CODE_SIGN_IDENTITY = "";
				DEFINES_MODULE = YES;
				DEVELOPMENT_TEAM = TE3XP65K6X;
				DYLIB_COMPATIBILITY_VERSION = 1;
				DYLIB_CURRENT_VERSION = 1;
				DYLIB_INSTALL_NAME_BASE = "@rpath";
				FRAMEWORK_SEARCH_PATHS = (
					"$(inherited)",
					"$(PROJECT_DIR)/Carthage/Build/iOS",
				);
				INFOPLIST_FILE = AppDependencies/Info.plist;
				INSTALL_PATH = "$(LOCAL_LIBRARY_DIR)/Frameworks";
				IPHONEOS_DEPLOYMENT_TARGET = 9.0;
				LD_RUNPATH_SEARCH_PATHS = "$(inherited) @executable_path/Frameworks @loader_path/Frameworks";
				PRODUCT_BUNDLE_IDENTIFIER = com.gujci.AppDependencies;
				PRODUCT_NAME = "$(TARGET_NAME)";
				SKIP_INSTALL = YES;
				SWIFT_VERSION = 3.0;
			};
			name = Release;
		};
		21B70CD91DC91DBB0031250D /* Debug */ = {
			isa = XCBuildConfiguration;
			buildSettings = {
				DEVELOPMENT_TEAM = TE3XP65K6X;
				INFOPLIST_FILE = AppDependenciesTests/Info.plist;
				LD_RUNPATH_SEARCH_PATHS = "$(inherited) @executable_path/Frameworks @loader_path/Frameworks";
				PRODUCT_BUNDLE_IDENTIFIER = com.gujci.AppDependenciesTests;
				PRODUCT_NAME = "$(TARGET_NAME)";
				SWIFT_VERSION = 3.0;
			};
			name = Debug;
		};
		21B70CDA1DC91DBB0031250D /* Release */ = {
			isa = XCBuildConfiguration;
			buildSettings = {
				DEVELOPMENT_TEAM = TE3XP65K6X;
				INFOPLIST_FILE = AppDependenciesTests/Info.plist;
				LD_RUNPATH_SEARCH_PATHS = "$(inherited) @executable_path/Frameworks @loader_path/Frameworks";
				PRODUCT_BUNDLE_IDENTIFIER = com.gujci.AppDependenciesTests;
				PRODUCT_NAME = "$(TARGET_NAME)";
				SWIFT_VERSION = 3.0;
			};
			name = Release;
		};
/* End XCBuildConfiguration section */

/* Begin XCConfigurationList section */
		212A3FFE1DBAD55400069BAB /* Build configuration list for PBXProject "AppDependencies" */ = {
			isa = XCConfigurationList;
			buildConfigurations = (
				212A400A1DBAD55400069BAB /* Debug */,
				212A400B1DBAD55400069BAB /* Release */,
			);
			defaultConfigurationIsVisible = 0;
			defaultConfigurationName = Release;
		};
		212A400C1DBAD55400069BAB /* Build configuration list for PBXNativeTarget "AppDependencies" */ = {
			isa = XCConfigurationList;
			buildConfigurations = (
				212A400D1DBAD55400069BAB /* Debug */,
				212A400E1DBAD55400069BAB /* Release */,
			);
			defaultConfigurationIsVisible = 0;
			defaultConfigurationName = Release;
		};
		21B70CD81DC91DBB0031250D /* Build configuration list for PBXNativeTarget "AppDependenciesTests" */ = {
			isa = XCConfigurationList;
			buildConfigurations = (
				21B70CD91DC91DBB0031250D /* Debug */,
				21B70CDA1DC91DBB0031250D /* Release */,
			);
			defaultConfigurationIsVisible = 0;
		};
/* End XCConfigurationList section */
	};
	rootObject = 212A3FFB1DBAD55400069BAB /* Project object */;
}
